// !$*UTF8*$!
{
	archiveVersion = 1;
	classes = {
	};
	objectVersion = 46;
	objects = {

/* Begin PBXBuildFile section */
		3D4D34071DA37F53006451A7 /* NearbyVC.swift in Sources */ = {isa = PBXBuildFile; fileRef = 3D4D34061DA37F53006451A7 /* NearbyVC.swift */; };
		3D4D34091DA3814B006451A7 /* SearchVC.swift in Sources */ = {isa = PBXBuildFile; fileRef = 3D4D34081DA3814B006451A7 /* SearchVC.swift */; };
		3D854C721DA2857A00A0C58B /* LocationManager.swift in Sources */ = {isa = PBXBuildFile; fileRef = 3D854C711DA2857A00A0C58B /* LocationManager.swift */; };
		845BB9091D93C37F0008F474 /* AppDelegate.swift in Sources */ = {isa = PBXBuildFile; fileRef = 845BB9081D93C37F0008F474 /* AppDelegate.swift */; };
		845BB90E1D93C37F0008F474 /* Main.storyboard in Resources */ = {isa = PBXBuildFile; fileRef = 845BB90C1D93C37F0008F474 /* Main.storyboard */; };
		845BB9101D93C37F0008F474 /* Assets.xcassets in Resources */ = {isa = PBXBuildFile; fileRef = 845BB90F1D93C37F0008F474 /* Assets.xcassets */; };
		845BB9131D93C37F0008F474 /* LaunchScreen.storyboard in Resources */ = {isa = PBXBuildFile; fileRef = 845BB9111D93C37F0008F474 /* LaunchScreen.storyboard */; };
		845BB91B1D93C4590008F474 /* Podfile in Resources */ = {isa = PBXBuildFile; fileRef = 845BB91A1D93C4590008F474 /* Podfile */; };
		845BB9211D93CF670008F474 /* Pods_LFC.framework in Frameworks */ = {isa = PBXBuildFile; fileRef = 845BB9201D93CF670008F474 /* Pods_LFC.framework */; };
		845BB9271D93D37E0008F474 /* GalleryVC.swift in Sources */ = {isa = PBXBuildFile; fileRef = 845BB9261D93D37E0008F474 /* GalleryVC.swift */; };
		845BB92B1D93D3EB0008F474 /* FlickrAPIClient.swift in Sources */ = {isa = PBXBuildFile; fileRef = 845BB92A1D93D3EB0008F474 /* FlickrAPIClient.swift */; };
		845BB92D1D93D40E0008F474 /* AppParameters.swift in Sources */ = {isa = PBXBuildFile; fileRef = 845BB92C1D93D40E0008F474 /* AppParameters.swift */; };
		84C0239B1D93DF71004BDE95 /* GalleryPhotoCVC.swift in Sources */ = {isa = PBXBuildFile; fileRef = 84C023991D93DF71004BDE95 /* GalleryPhotoCVC.swift */; };
		84C0239C1D93DF71004BDE95 /* GalleryPhotoCVC.xib in Resources */ = {isa = PBXBuildFile; fileRef = 84C0239A1D93DF71004BDE95 /* GalleryPhotoCVC.xib */; };
		84C0239E1D9507BC004BDE95 /* Photo.swift in Sources */ = {isa = PBXBuildFile; fileRef = 84C0239D1D9507BC004BDE95 /* Photo.swift */; };
		84C023A01D9544BA004BDE95 /* PhotoDetailVC.swift in Sources */ = {isa = PBXBuildFile; fileRef = 84C0239F1D9544BA004BDE95 /* PhotoDetailVC.swift */; };
		AC065B47198C52F0729611E8 /* Pods_LFC.framework in Frameworks */ = {isa = PBXBuildFile; fileRef = 4902521635990E1A41E549CC /* Pods_LFC.framework */; };
/* End PBXBuildFile section */

/* Begin PBXFileReference section */
		0B098987EE1447AD199F897F /* Pods-LFC.release.xcconfig */ = {isa = PBXFileReference; includeInIndex = 1; lastKnownFileType = text.xcconfig; name = "Pods-LFC.release.xcconfig"; path = "Pods/Target Support Files/Pods-LFC/Pods-LFC.release.xcconfig"; sourceTree = "<group>"; };
		3D4D34061DA37F53006451A7 /* NearbyVC.swift */ = {isa = PBXFileReference; fileEncoding = 4; lastKnownFileType = sourcecode.swift; path = NearbyVC.swift; sourceTree = "<group>"; };
		3D4D34081DA3814B006451A7 /* SearchVC.swift */ = {isa = PBXFileReference; fileEncoding = 4; lastKnownFileType = sourcecode.swift; path = SearchVC.swift; sourceTree = "<group>"; };
		3D854C711DA2857A00A0C58B /* LocationManager.swift */ = {isa = PBXFileReference; fileEncoding = 4; lastKnownFileType = sourcecode.swift; path = LocationManager.swift; sourceTree = "<group>"; };
		4902521635990E1A41E549CC /* Pods_LFC.framework */ = {isa = PBXFileReference; explicitFileType = wrapper.framework; includeInIndex = 0; path = Pods_LFC.framework; sourceTree = BUILT_PRODUCTS_DIR; };
		4ECAD76446B790C62F047621 /* Pods-LFC.debug.xcconfig */ = {isa = PBXFileReference; includeInIndex = 1; lastKnownFileType = text.xcconfig; name = "Pods-LFC.debug.xcconfig"; path = "Pods/Target Support Files/Pods-LFC/Pods-LFC.debug.xcconfig"; sourceTree = "<group>"; };
		845BB9051D93C37F0008F474 /* LFC.app */ = {isa = PBXFileReference; explicitFileType = wrapper.application; includeInIndex = 0; path = LFC.app; sourceTree = BUILT_PRODUCTS_DIR; };
		845BB9081D93C37F0008F474 /* AppDelegate.swift */ = {isa = PBXFileReference; lastKnownFileType = sourcecode.swift; path = AppDelegate.swift; sourceTree = "<group>"; };
		845BB90D1D93C37F0008F474 /* Base */ = {isa = PBXFileReference; lastKnownFileType = file.storyboard; name = Base; path = Base.lproj/Main.storyboard; sourceTree = "<group>"; };
		845BB90F1D93C37F0008F474 /* Assets.xcassets */ = {isa = PBXFileReference; lastKnownFileType = folder.assetcatalog; path = Assets.xcassets; sourceTree = "<group>"; };
		845BB9121D93C37F0008F474 /* Base */ = {isa = PBXFileReference; lastKnownFileType = file.storyboard; name = Base; path = Base.lproj/LaunchScreen.storyboard; sourceTree = "<group>"; };
		845BB9141D93C37F0008F474 /* Info.plist */ = {isa = PBXFileReference; lastKnownFileType = text.plist.xml; path = Info.plist; sourceTree = "<group>"; };
		845BB91A1D93C4590008F474 /* Podfile */ = {isa = PBXFileReference; fileEncoding = 4; lastKnownFileType = text; path = Podfile; sourceTree = SOURCE_ROOT; xcLanguageSpecificationIdentifier = xcode.lang.ruby; };
		845BB91C1D93CF3C0008F474 /* FlickrKit.framework */ = {isa = PBXFileReference; lastKnownFileType = wrapper.framework; name = FlickrKit.framework; path = "../../../Library/Developer/Xcode/DerivedData/LFC-crmktsffqggsxiajsklkwaqobrgg/Build/Products/Debug-iphonesimulator/FlickrKit/FlickrKit.framework"; sourceTree = "<group>"; };
		845BB91D1D93CF3C0008F474 /* SFFullscreenImageDetailViewController.framework */ = {isa = PBXFileReference; lastKnownFileType = wrapper.framework; name = SFFullscreenImageDetailViewController.framework; path = "Pods/../build/Debug-iphoneos/SFFullscreenImageDetailViewController/SFFullscreenImageDetailViewController.framework"; sourceTree = "<group>"; };
		845BB9201D93CF670008F474 /* Pods_LFC.framework */ = {isa = PBXFileReference; lastKnownFileType = wrapper.framework; name = Pods_LFC.framework; path = "Pods/../build/Debug-iphoneos/Pods_LFC.framework"; sourceTree = "<group>"; };
		845BB9261D93D37E0008F474 /* GalleryVC.swift */ = {isa = PBXFileReference; fileEncoding = 4; lastKnownFileType = sourcecode.swift; path = GalleryVC.swift; sourceTree = "<group>"; };
		845BB92A1D93D3EB0008F474 /* FlickrAPIClient.swift */ = {isa = PBXFileReference; fileEncoding = 4; lastKnownFileType = sourcecode.swift; path = FlickrAPIClient.swift; sourceTree = "<group>"; };
		845BB92C1D93D40E0008F474 /* AppParameters.swift */ = {isa = PBXFileReference; fileEncoding = 4; lastKnownFileType = sourcecode.swift; path = AppParameters.swift; sourceTree = "<group>"; };
		84C023991D93DF71004BDE95 /* GalleryPhotoCVC.swift */ = {isa = PBXFileReference; fileEncoding = 4; lastKnownFileType = sourcecode.swift; path = GalleryPhotoCVC.swift; sourceTree = "<group>"; };
		84C0239A1D93DF71004BDE95 /* GalleryPhotoCVC.xib */ = {isa = PBXFileReference; fileEncoding = 4; lastKnownFileType = file.xib; path = GalleryPhotoCVC.xib; sourceTree = "<group>"; };
		84C0239D1D9507BC004BDE95 /* Photo.swift */ = {isa = PBXFileReference; fileEncoding = 4; lastKnownFileType = sourcecode.swift; path = Photo.swift; sourceTree = "<group>"; };
		84C0239F1D9544BA004BDE95 /* PhotoDetailVC.swift */ = {isa = PBXFileReference; fileEncoding = 4; lastKnownFileType = sourcecode.swift; path = PhotoDetailVC.swift; sourceTree = "<group>"; };
/* End PBXFileReference section */

/* Begin PBXFrameworksBuildPhase section */
		845BB9021D93C37E0008F474 /* Frameworks */ = {
			isa = PBXFrameworksBuildPhase;
			buildActionMask = 2147483647;
			files = (
				845BB9211D93CF670008F474 /* Pods_LFC.framework in Frameworks */,
				AC065B47198C52F0729611E8 /* Pods_LFC.framework in Frameworks */,
			);
			runOnlyForDeploymentPostprocessing = 0;
		};
/* End PBXFrameworksBuildPhase section */

/* Begin PBXGroup section */
		5F7E48C04A03EF4E45829273 /* Frameworks */ = {
			isa = PBXGroup;
			children = (
				845BB9201D93CF670008F474 /* Pods_LFC.framework */,
				845BB91C1D93CF3C0008F474 /* FlickrKit.framework */,
				845BB91D1D93CF3C0008F474 /* SFFullscreenImageDetailViewController.framework */,
				4902521635990E1A41E549CC /* Pods_LFC.framework */,
			);
			name = Frameworks;
			sourceTree = "<group>";
		};
		71769C5E028F800BC3CF5B82 /* Pods */ = {
			isa = PBXGroup;
			children = (
				4ECAD76446B790C62F047621 /* Pods-LFC.debug.xcconfig */,
				0B098987EE1447AD199F897F /* Pods-LFC.release.xcconfig */,
			);
			name = Pods;
			sourceTree = "<group>";
		};
		845BB8FC1D93C37D0008F474 = {
			isa = PBXGroup;
			children = (
				845BB9071D93C37F0008F474 /* LFC */,
				845BB9061D93C37F0008F474 /* Products */,
				71769C5E028F800BC3CF5B82 /* Pods */,
				5F7E48C04A03EF4E45829273 /* Frameworks */,
			);
			sourceTree = "<group>";
		};
		845BB9061D93C37F0008F474 /* Products */ = {
			isa = PBXGroup;
			children = (
				845BB9051D93C37F0008F474 /* LFC.app */,
			);
			name = Products;
			sourceTree = "<group>";
		};
		845BB9071D93C37F0008F474 /* LFC */ = {
			isa = PBXGroup;
			children = (
				84C023951D93DA05004BDE95 /* AppDelegate */,
				84C023961D93DA10004BDE95 /* Managers */,
				84C023941D93DA00004BDE95 /* Cells */,
				84C023931D93D9F1004BDE95 /* ViewControllers */,
				84C023981D93DA27004BDE95 /* Storyboards */,
				84C023971D93DA1D004BDE95 /* Support */,
			);
			path = LFC;
			sourceTree = "<group>";
		};
		84C023931D93D9F1004BDE95 /* ViewControllers */ = {
			isa = PBXGroup;
			children = (
				84C0239F1D9544BA004BDE95 /* PhotoDetailVC.swift */,
				845BB9261D93D37E0008F474 /* GalleryVC.swift */,
				3D4D34061DA37F53006451A7 /* NearbyVC.swift */,
				3D4D34081DA3814B006451A7 /* SearchVC.swift */,
			);
			name = ViewControllers;
			sourceTree = "<group>";
		};
		84C023941D93DA00004BDE95 /* Cells */ = {
			isa = PBXGroup;
			children = (
				84C023991D93DF71004BDE95 /* GalleryPhotoCVC.swift */,
				84C0239A1D93DF71004BDE95 /* GalleryPhotoCVC.xib */,
			);
			name = Cells;
			sourceTree = "<group>";
		};
		84C023951D93DA05004BDE95 /* AppDelegate */ = {
			isa = PBXGroup;
			children = (
				845BB9081D93C37F0008F474 /* AppDelegate.swift */,
			);
			name = AppDelegate;
			sourceTree = "<group>";
		};
		84C023961D93DA10004BDE95 /* Managers */ = {
			isa = PBXGroup;
			children = (
				845BB92A1D93D3EB0008F474 /* FlickrAPIClient.swift */,
				845BB92C1D93D40E0008F474 /* AppParameters.swift */,
				84C0239D1D9507BC004BDE95 /* Photo.swift */,
				3D854C711DA2857A00A0C58B /* LocationManager.swift */,
			);
			name = Managers;
			sourceTree = "<group>";
		};
		84C023971D93DA1D004BDE95 /* Support */ = {
			isa = PBXGroup;
			children = (
				845BB90F1D93C37F0008F474 /* Assets.xcassets */,
				845BB9111D93C37F0008F474 /* LaunchScreen.storyboard */,
				845BB9141D93C37F0008F474 /* Info.plist */,
				845BB91A1D93C4590008F474 /* Podfile */,
			);
			name = Support;
			sourceTree = "<group>";
		};
		84C023981D93DA27004BDE95 /* Storyboards */ = {
			isa = PBXGroup;
			children = (
				845BB90C1D93C37F0008F474 /* Main.storyboard */,
			);
			name = Storyboards;
			sourceTree = "<group>";
		};
/* End PBXGroup section */

/* Begin PBXNativeTarget section */
		845BB9041D93C37E0008F474 /* LFC */ = {
			isa = PBXNativeTarget;
			buildConfigurationList = 845BB9171D93C37F0008F474 /* Build configuration list for PBXNativeTarget "LFC" */;
			buildPhases = (
				9A6C07F6D5399A75E9AC095A /* [CP] Check Pods Manifest.lock */,
				845BB9011D93C37E0008F474 /* Sources */,
				845BB9021D93C37E0008F474 /* Frameworks */,
				845BB9031D93C37E0008F474 /* Resources */,
				472D7C4D69D7DC19FD4B7E57 /* [CP] Embed Pods Frameworks */,
				49AEF9C63A852B0272B1EF2E /* [CP] Copy Pods Resources */,
			);
			buildRules = (
			);
			dependencies = (
			);
			name = LFC;
			productName = LFC;
			productReference = 845BB9051D93C37F0008F474 /* LFC.app */;
			productType = "com.apple.product-type.application";
		};
/* End PBXNativeTarget section */

/* Begin PBXProject section */
		845BB8FD1D93C37D0008F474 /* Project object */ = {
			isa = PBXProject;
			attributes = {
				LastSwiftUpdateCheck = 0800;
				LastUpgradeCheck = 0800;
				ORGANIZATIONNAME = bondar;
				TargetAttributes = {
					845BB9041D93C37E0008F474 = {
						CreatedOnToolsVersion = 8.0;
						LastSwiftMigration = 0800;
						ProvisioningStyle = Automatic;
					};
				};
			};
			buildConfigurationList = 845BB9001D93C37D0008F474 /* Build configuration list for PBXProject "LFC" */;
			compatibilityVersion = "Xcode 3.2";
			developmentRegion = English;
			hasScannedForEncodings = 0;
			knownRegions = (
				en,
				Base,
			);
			mainGroup = 845BB8FC1D93C37D0008F474;
			productRefGroup = 845BB9061D93C37F0008F474 /* Products */;
			projectDirPath = "";
			projectRoot = "";
			targets = (
				845BB9041D93C37E0008F474 /* LFC */,
			);
		};
/* End PBXProject section */

/* Begin PBXResourcesBuildPhase section */
		845BB9031D93C37E0008F474 /* Resources */ = {
			isa = PBXResourcesBuildPhase;
			buildActionMask = 2147483647;
			files = (
				845BB9131D93C37F0008F474 /* LaunchScreen.storyboard in Resources */,
				84C0239C1D93DF71004BDE95 /* GalleryPhotoCVC.xib in Resources */,
				845BB9101D93C37F0008F474 /* Assets.xcassets in Resources */,
				845BB91B1D93C4590008F474 /* Podfile in Resources */,
				845BB90E1D93C37F0008F474 /* Main.storyboard in Resources */,
			);
			runOnlyForDeploymentPostprocessing = 0;
		};
/* End PBXResourcesBuildPhase section */

/* Begin PBXShellScriptBuildPhase section */
		472D7C4D69D7DC19FD4B7E57 /* [CP] Embed Pods Frameworks */ = {
			isa = PBXShellScriptBuildPhase;
			buildActionMask = 2147483647;
			files = (
			);
			inputPaths = (
			);
			name = "[CP] Embed Pods Frameworks";
			outputPaths = (
			);
			runOnlyForDeploymentPostprocessing = 0;
			shellPath = /bin/sh;
			shellScript = "\"${SRCROOT}/Pods/Target Support Files/Pods-LFC/Pods-LFC-frameworks.sh\"\n";
			showEnvVarsInLog = 0;
		};
		49AEF9C63A852B0272B1EF2E /* [CP] Copy Pods Resources */ = {
			isa = PBXShellScriptBuildPhase;
			buildActionMask = 2147483647;
			files = (
			);
			inputPaths = (
			);
			name = "[CP] Copy Pods Resources";
			outputPaths = (
			);
			runOnlyForDeploymentPostprocessing = 0;
			shellPath = /bin/sh;
			shellScript = "\"${SRCROOT}/Pods/Target Support Files/Pods-LFC/Pods-LFC-resources.sh\"\n";
			showEnvVarsInLog = 0;
		};
		9A6C07F6D5399A75E9AC095A /* [CP] Check Pods Manifest.lock */ = {
			isa = PBXShellScriptBuildPhase;
			buildActionMask = 2147483647;
			files = (
			);
			inputPaths = (
			);
			name = "[CP] Check Pods Manifest.lock";
			outputPaths = (
			);
			runOnlyForDeploymentPostprocessing = 0;
			shellPath = /bin/sh;
			shellScript = "diff \"${PODS_ROOT}/../Podfile.lock\" \"${PODS_ROOT}/Manifest.lock\" > /dev/null\nif [ $? != 0 ] ; then\n    # print error to STDERR\n    echo \"error: The sandbox is not in sync with the Podfile.lock. Run 'pod install' or update your CocoaPods installation.\" >&2\n    exit 1\nfi\n";
			showEnvVarsInLog = 0;
		};
/* End PBXShellScriptBuildPhase section */

/* Begin PBXSourcesBuildPhase section */
		845BB9011D93C37E0008F474 /* Sources */ = {
			isa = PBXSourcesBuildPhase;
			buildActionMask = 2147483647;
			files = (
				84C023A01D9544BA004BDE95 /* PhotoDetailVC.swift in Sources */,
				84C0239E1D9507BC004BDE95 /* Photo.swift in Sources */,
				3D4D34071DA37F53006451A7 /* NearbyVC.swift in Sources */,
				845BB92B1D93D3EB0008F474 /* FlickrAPIClient.swift in Sources */,
				845BB9091D93C37F0008F474 /* AppDelegate.swift in Sources */,
				3D854C721DA2857A00A0C58B /* LocationManager.swift in Sources */,
				3D4D34091DA3814B006451A7 /* SearchVC.swift in Sources */,
				845BB92D1D93D40E0008F474 /* AppParameters.swift in Sources */,
				84C0239B1D93DF71004BDE95 /* GalleryPhotoCVC.swift in Sources */,
				845BB9271D93D37E0008F474 /* GalleryVC.swift in Sources */,
			);
			runOnlyForDeploymentPostprocessing = 0;
		};
/* End PBXSourcesBuildPhase section */

/* Begin PBXVariantGroup section */
		845BB90C1D93C37F0008F474 /* Main.storyboard */ = {
			isa = PBXVariantGroup;
			children = (
				845BB90D1D93C37F0008F474 /* Base */,
			);
			name = Main.storyboard;
			sourceTree = "<group>";
		};
		845BB9111D93C37F0008F474 /* LaunchScreen.storyboard */ = {
			isa = PBXVariantGroup;
			children = (
				845BB9121D93C37F0008F474 /* Base */,
			);
			name = LaunchScreen.storyboard;
			sourceTree = "<group>";
		};
/* End PBXVariantGroup section */

/* Begin XCBuildConfiguration section */
		845BB9151D93C37F0008F474 /* Debug */ = {
			isa = XCBuildConfiguration;
			buildSettings = {
				ALWAYS_SEARCH_USER_PATHS = NO;
				CLANG_ANALYZER_NONNULL = YES;
				CLANG_CXX_LANGUAGE_STANDARD = "gnu++0x";
				CLANG_CXX_LIBRARY = "libc++";
				CLANG_ENABLE_MODULES = YES;
				CLANG_ENABLE_OBJC_ARC = YES;
				CLANG_WARN_BOOL_CONVERSION = YES;
				CLANG_WARN_CONSTANT_CONVERSION = YES;
				CLANG_WARN_DIRECT_OBJC_ISA_USAGE = YES_ERROR;
				CLANG_WARN_DOCUMENTATION_COMMENTS = YES;
				CLANG_WARN_EMPTY_BODY = YES;
				CLANG_WARN_ENUM_CONVERSION = YES;
				CLANG_WARN_INFINITE_RECURSION = YES;
				CLANG_WARN_INT_CONVERSION = YES;
				CLANG_WARN_OBJC_ROOT_CLASS = YES_ERROR;
				CLANG_WARN_SUSPICIOUS_MOVES = YES;
				CLANG_WARN_UNREACHABLE_CODE = YES;
				CLANG_WARN__DUPLICATE_METHOD_MATCH = YES;
				"CODE_SIGN_IDENTITY[sdk=iphoneos*]" = "iPhone Developer";
				COPY_PHASE_STRIP = NO;
				DEBUG_INFORMATION_FORMAT = dwarf;
				ENABLE_STRICT_OBJC_MSGSEND = YES;
				ENABLE_TESTABILITY = YES;
				GCC_C_LANGUAGE_STANDARD = gnu99;
				GCC_DYNAMIC_NO_PIC = NO;
				GCC_NO_COMMON_BLOCKS = YES;
				GCC_OPTIMIZATION_LEVEL = 0;
				GCC_PREPROCESSOR_DEFINITIONS = (
					"DEBUG=1",
					"$(inherited)",
				);
				GCC_WARN_64_TO_32_BIT_CONVERSION = YES;
				GCC_WARN_ABOUT_RETURN_TYPE = YES_ERROR;
				GCC_WARN_UNDECLARED_SELECTOR = YES;
				GCC_WARN_UNINITIALIZED_AUTOS = YES_AGGRESSIVE;
				GCC_WARN_UNUSED_FUNCTION = YES;
				GCC_WARN_UNUSED_VARIABLE = YES;
				IPHONEOS_DEPLOYMENT_TARGET = 10.0;
				MTL_ENABLE_DEBUG_INFO = YES;
				ONLY_ACTIVE_ARCH = YES;
				SDKROOT = iphoneos;
				SWIFT_ACTIVE_COMPILATION_CONDITIONS = DEBUG;
				SWIFT_OPTIMIZATION_LEVEL = "-Onone";
			};
			name = Debug;
		};
		845BB9161D93C37F0008F474 /* Release */ = {
			isa = XCBuildConfiguration;
			buildSettings = {
				ALWAYS_SEARCH_USER_PATHS = NO;
				CLANG_ANALYZER_NONNULL = YES;
				CLANG_CXX_LANGUAGE_STANDARD = "gnu++0x";
				CLANG_CXX_LIBRARY = "libc++";
				CLANG_ENABLE_MODULES = YES;
				CLANG_ENABLE_OBJC_ARC = YES;
				CLANG_WARN_BOOL_CONVERSION = YES;
				CLANG_WARN_CONSTANT_CONVERSION = YES;
				CLANG_WARN_DIRECT_OBJC_ISA_USAGE = YES_ERROR;
				CLANG_WARN_DOCUMENTATION_COMMENTS = YES;
				CLANG_WARN_EMPTY_BODY = YES;
				CLANG_WARN_ENUM_CONVERSION = YES;
				CLANG_WARN_INFINITE_RECURSION = YES;
				CLANG_WARN_INT_CONVERSION = YES;
				CLANG_WARN_OBJC_ROOT_CLASS = YES_ERROR;
				CLANG_WARN_SUSPICIOUS_MOVES = YES;
				CLANG_WARN_UNREACHABLE_CODE = YES;
				CLANG_WARN__DUPLICATE_METHOD_MATCH = YES;
				"CODE_SIGN_IDENTITY[sdk=iphoneos*]" = "iPhone Developer";
				COPY_PHASE_STRIP = NO;
				DEBUG_INFORMATION_FORMAT = "dwarf-with-dsym";
				ENABLE_NS_ASSERTIONS = NO;
				ENABLE_STRICT_OBJC_MSGSEND = YES;
				GCC_C_LANGUAGE_STANDARD = gnu99;
				GCC_NO_COMMON_BLOCKS = YES;
				GCC_WARN_64_TO_32_BIT_CONVERSION = YES;
				GCC_WARN_ABOUT_RETURN_TYPE = YES_ERROR;
				GCC_WARN_UNDECLARED_SELECTOR = YES;
				GCC_WARN_UNINITIALIZED_AUTOS = YES_AGGRESSIVE;
				GCC_WARN_UNUSED_FUNCTION = YES;
				GCC_WARN_UNUSED_VARIABLE = YES;
				IPHONEOS_DEPLOYMENT_TARGET = 10.0;
				MTL_ENABLE_DEBUG_INFO = NO;
				SDKROOT = iphoneos;
				SWIFT_OPTIMIZATION_LEVEL = "-Owholemodule";
				VALIDATE_PRODUCT = YES;
			};
			name = Release;
		};
		845BB9181D93C37F0008F474 /* Debug */ = {
			isa = XCBuildConfiguration;
			baseConfigurationReference = 4ECAD76446B790C62F047621 /* Pods-LFC.debug.xcconfig */;
			buildSettings = {
				ASSETCATALOG_COMPILER_APPICON_NAME = AppIcon;
				FRAMEWORK_SEARCH_PATHS = (
					"$(inherited)",
					"$(PROJECT_DIR)/build/Debug-iphoneos/SFFullscreenImageDetailViewController",
					"$(PROJECT_DIR)/build/Debug-iphoneos",
				);
				INFOPLIST_FILE = LFC/Info.plist;
				LD_RUNPATH_SEARCH_PATHS = "$(inherited) @executable_path/Frameworks";
				PRODUCT_BUNDLE_IDENTIFIER = com.bondar.LFC;
				PRODUCT_NAME = "$(TARGET_NAME)";
				SWIFT_VERSION = 3.0;
			};
			name = Debug;
		};
		845BB9191D93C37F0008F474 /* Release */ = {
			isa = XCBuildConfiguration;
			baseConfigurationReference = 0B098987EE1447AD199F897F /* Pods-LFC.release.xcconfig */;
			buildSettings = {
				ASSETCATALOG_COMPILER_APPICON_NAME = AppIcon;
				FRAMEWORK_SEARCH_PATHS = (
					"$(inherited)",
					"$(PROJECT_DIR)/build/Debug-iphoneos/SFFullscreenImageDetailViewController",
					"$(PROJECT_DIR)/build/Debug-iphoneos",
				);
				INFOPLIST_FILE = LFC/Info.plist;
				LD_RUNPATH_SEARCH_PATHS = "$(inherited) @executable_path/Frameworks";
				PRODUCT_BUNDLE_IDENTIFIER = com.bondar.LFC;
				PRODUCT_NAME = "$(TARGET_NAME)";
				SWIFT_VERSION = 3.0;
			};
			name = Release;
		};
/* End XCBuildConfiguration section */

/* Begin XCConfigurationList section */
		845BB9001D93C37D0008F474 /* Build configuration list for PBXProject "LFC" */ = {
			isa = XCConfigurationList;
			buildConfigurations = (
				845BB9151D93C37F0008F474 /* Debug */,
				845BB9161D93C37F0008F474 /* Release */,
			);
			defaultConfigurationIsVisible = 0;
			defaultConfigurationName = Release;
		};
		845BB9171D93C37F0008F474 /* Build configuration list for PBXNativeTarget "LFC" */ = {
			isa = XCConfigurationList;
			buildConfigurations = (
				845BB9181D93C37F0008F474 /* Debug */,
				845BB9191D93C37F0008F474 /* Release */,
			);
			defaultConfigurationIsVisible = 0;
			defaultConfigurationName = Release;
		};
/* End XCConfigurationList section */
	};
	rootObject = 845BB8FD1D93C37D0008F474 /* Project object */;
}
